
Microsoft Visual Studio Solution File, Format Version 12.00
# Visual Studio Version 16
VisualStudioVersion = 16.0.30225.117
MinimumVisualStudioVersion = 10.0.40219.1
Project("{FAE04EC0-301F-11D3-BF4B-00C04F79EFBC}") = "facturaHotel", "facturaHotel\facturaHotel.csproj", "{79CD40A8-7888-4DCE-9DDB-00AC5A32C11B}"
EndProject
Global
	GlobalSection(SolutionConfigurationPlatforms) = preSolution
		Debug|Any CPU = Debug|Any CPU
		Release|Any CPU = Release|Any CPU
	EndGlobalSection
	GlobalSection(ProjectConfigurationPlatforms) = postSolution
		{79CD40A8-7888-4DCE-9DDB-00AC5A32C11B}.Debug|Any CPU.ActiveCfg = Debug|Any CPU
		{79CD40A8-7888-4DCE-9DDB-00AC5A32C11B}.Debug|Any CPU.Build.0 = Debug|Any CPU
		{79CD40A8-7888-4DCE-9DDB-00AC5A32C11B}.Release|Any CPU.ActiveCfg = Release|Any CPU
		{79CD40A8-7888-4DCE-9DDB-00AC5A32C11B}.Release|Any CPU.Build.0 = Release|Any CPU
	EndGlobalSection
	GlobalSection(SolutionProperties) = preSolution
		HideSolutionNode = FALSE
	EndGlobalSection
	GlobalSection(ExtensibilityGlobals) = postSolution
		SolutionGuid = {8B2E8061-7122-4C6E-B50E-BF1FA1C2765B}
	EndGlobalSection
EndGlobal
