
Microsoft Visual Studio Solution File, Format Version 12.00
# Visual Studio Version 16
VisualStudioVersion = 16.0.30204.135
MinimumVisualStudioVersion = 10.0.40219.1
Project("{FAE04EC0-301F-11D3-BF4B-00C04F79EFBC}") = "appHerenciaPolimorfismo", "appHerenciaPolimorfismo\appHerenciaPolimorfismo.csproj", "{AF93884F-7749-40E6-A753-E52C73617D05}"
EndProject
Global
	GlobalSection(SolutionConfigurationPlatforms) = preSolution
		Debug|Any CPU = Debug|Any CPU
		Release|Any CPU = Release|Any CPU
	EndGlobalSection
	GlobalSection(ProjectConfigurationPlatforms) = postSolution
		{AF93884F-7749-40E6-A753-E52C73617D05}.Debug|Any CPU.ActiveCfg = Debug|Any CPU
		{AF93884F-7749-40E6-A753-E52C73617D05}.Debug|Any CPU.Build.0 = Debug|Any CPU
		{AF93884F-7749-40E6-A753-E52C73617D05}.Release|Any CPU.ActiveCfg = Release|Any CPU
		{AF93884F-7749-40E6-A753-E52C73617D05}.Release|Any CPU.Build.0 = Release|Any CPU
	EndGlobalSection
	GlobalSection(SolutionProperties) = preSolution
		HideSolutionNode = FALSE
	EndGlobalSection
	GlobalSection(ExtensibilityGlobals) = postSolution
		SolutionGuid = {DA992BEF-4A8F-481E-9671-3D59F55F17E6}
	EndGlobalSection
EndGlobal
